{
  "name": "phobos",
  "version": "0.1.0",
  "lockfileVersion": 3,
  "requires": true,
  "packages": {
    "": {
      "name": "phobos",
      "version": "0.1.0",
      "dependencies": {
        "@wterm/core": "0.5.4",
        "@wterm/dom": "0.5.4"
      }
    },
    "node_modules/@wterm/core": {
      "version": "0.5.4",
      "resolved": "https://registry.npmjs.org/@wterm/core/-/core-0.5.4.tgz",
      "integrity": "sha512-yIhbn27ELHDjEDtduDIycHWEEaobJGhqR+WqKgCoSPYReCIrR+skJS67PBk3Wp6+yLImfQ3Fv1CJ4hLXKLa7Fg==",
      "license": "Apache-2.0"
    },
    "node_modules/@wterm/dom": {
      "version": "0.5.4",
      "resolved": "https://registry.npmjs.org/@wterm/dom/-/dom-0.5.4.tgz",
      "integrity": "sha512-9zxZq52BFpBtVEkBEbZF5a+9dX+eIADQdlTRq6YgGxHP/G/aDXyRja+tebQtAYqx9KY8qJVm20vNOhQxwBe/FQ==",
      "license": "Apache-2.0",
      "dependencies": {
        "@wterm/core": "0.5.4"
      }
    }
  }
}
